// !$*UTF8*$!
{
	archiveVersion = 1;
	classes = {
	};
	objectVersion = 56;
	objects = {

/* Begin PBXBuildFile section */
		B1A4D14829484EC600A3D65D /* AppDelegate.swift in Sources */ = {isa = PBXBuildFile; fileRef = B1A4D14729484EC600A3D65D /* AppDelegate.swift */; };
		B1A4D14A29484EC600A3D65D /* SceneDelegate.swift in Sources */ = {isa = PBXBuildFile; fileRef = B1A4D14929484EC600A3D65D /* SceneDelegate.swift */; };
		B1A4D14C29484EC600A3D65D /* HomeViewController.swift in Sources */ = {isa = PBXBuildFile; fileRef = B1A4D14B29484EC600A3D65D /* HomeViewController.swift */; };
		B1A4D14F29484EC600A3D65D /* Main.storyboard in Resources */ = {isa = PBXBuildFile; fileRef = B1A4D14D29484EC600A3D65D /* Main.storyboard */; };
		B1A4D15129484EC800A3D65D /* Assets.xcassets in Resources */ = {isa = PBXBuildFile; fileRef = B1A4D15029484EC800A3D65D /* Assets.xcassets */; };
		B1A4D15429484EC800A3D65D /* LaunchScreen.storyboard in Resources */ = {isa = PBXBuildFile; fileRef = B1A4D15229484EC800A3D65D /* LaunchScreen.storyboard */; };
		B1A4D15F29484EC800A3D65D /* CustomTabBarTests.swift in Sources */ = {isa = PBXBuildFile; fileRef = B1A4D15E29484EC800A3D65D /* CustomTabBarTests.swift */; };
		B1A4D16929484EC800A3D65D /* CustomTabBarUITests.swift in Sources */ = {isa = PBXBuildFile; fileRef = B1A4D16829484EC800A3D65D /* CustomTabBarUITests.swift */; };
		B1A4D16B29484EC800A3D65D /* CustomTabBarUITestsLaunchTests.swift in Sources */ = {isa = PBXBuildFile; fileRef = B1A4D16A29484EC800A3D65D /* CustomTabBarUITestsLaunchTests.swift */; };
		B1A4D17829484F6900A3D65D /* CustomTabBarController.swift in Sources */ = {isa = PBXBuildFile; fileRef = B1A4D17729484F6900A3D65D /* CustomTabBarController.swift */; };
		B1A4D17A29484FE500A3D65D /* SecondViewController.swift in Sources */ = {isa = PBXBuildFile; fileRef = B1A4D17929484FE500A3D65D /* SecondViewController.swift */; };
		B1A4D17C29484FFD00A3D65D /* ThirdViewController.swift in Sources */ = {isa = PBXBuildFile; fileRef = B1A4D17B29484FFD00A3D65D /* ThirdViewController.swift */; };
		B1A4D17E2948500F00A3D65D /* FourthViewController.swift in Sources */ = {isa = PBXBuildFile; fileRef = B1A4D17D2948500F00A3D65D /* FourthViewController.swift */; };
		B1A4D1802948504C00A3D65D /* ActionViewController.swift in Sources */ = {isa = PBXBuildFile; fileRef = B1A4D17F2948504C00A3D65D /* ActionViewController.swift */; };
/* End PBXBuildFile section */

/* Begin PBXContainerItemProxy section */
		B1A4D15B29484EC800A3D65D /* PBXContainerItemProxy */ = {
			isa = PBXContainerItemProxy;
			containerPortal = B1A4D13C29484EC600A3D65D /* Project object */;
			proxyType = 1;
			remoteGlobalIDString = B1A4D14329484EC600A3D65D;
			remoteInfo = CustomTabBar;
		};
		B1A4D16529484EC800A3D65D /* PBXContainerItemProxy */ = {
			isa = PBXContainerItemProxy;
			containerPortal = B1A4D13C29484EC600A3D65D /* Project object */;
			proxyType = 1;
			remoteGlobalIDString = B1A4D14329484EC600A3D65D;
			remoteInfo = CustomTabBar;
		};
/* End PBXContainerItemProxy section */

/* Begin PBXFileReference section */
		B1A4D14429484EC600A3D65D /* CustomTabBar.app */ = {isa = PBXFileReference; explicitFileType = wrapper.application; includeInIndex = 0; path = CustomTabBar.app; sourceTree = BUILT_PRODUCTS_DIR; };
		B1A4D14729484EC600A3D65D /* AppDelegate.swift */ = {isa = PBXFileReference; lastKnownFileType = sourcecode.swift; path = AppDelegate.swift; sourceTree = "<group>"; };
		B1A4D14929484EC600A3D65D /* SceneDelegate.swift */ = {isa = PBXFileReference; lastKnownFileType = sourcecode.swift; path = SceneDelegate.swift; sourceTree = "<group>"; };
		B1A4D14B29484EC600A3D65D /* HomeViewController.swift */ = {isa = PBXFileReference; lastKnownFileType = sourcecode.swift; path = HomeViewController.swift; sourceTree = "<group>"; };
		B1A4D14E29484EC600A3D65D /* Base */ = {isa = PBXFileReference; lastKnownFileType = file.storyboard; name = Base; path = Base.lproj/Main.storyboard; sourceTree = "<group>"; };
		B1A4D15029484EC800A3D65D /* Assets.xcassets */ = {isa = PBXFileReference; lastKnownFileType = folder.assetcatalog; path = Assets.xcassets; sourceTree = "<group>"; };
		B1A4D15329484EC800A3D65D /* Base */ = {isa = PBXFileReference; lastKnownFileType = file.storyboard; name = Base; path = Base.lproj/LaunchScreen.storyboard; sourceTree = "<group>"; };
		B1A4D15529484EC800A3D65D /* Info.plist */ = {isa = PBXFileReference; lastKnownFileType = text.plist.xml; path = Info.plist; sourceTree = "<group>"; };
		B1A4D15A29484EC800A3D65D /* CustomTabBarTests.xctest */ = {isa = PBXFileReference; explicitFileType = wrapper.cfbundle; includeInIndex = 0; path = CustomTabBarTests.xctest; sourceTree = BUILT_PRODUCTS_DIR; };
		B1A4D15E29484EC800A3D65D /* CustomTabBarTests.swift */ = {isa = PBXFileReference; lastKnownFileType = sourcecode.swift; path = CustomTabBarTests.swift; sourceTree = "<group>"; };
		B1A4D16429484EC800A3D65D /* CustomTabBarUITests.xctest */ = {isa = PBXFileReference; explicitFileType = wrapper.cfbundle; includeInIndex = 0; path = CustomTabBarUITests.xctest; sourceTree = BUILT_PRODUCTS_DIR; };
		B1A4D16829484EC800A3D65D /* CustomTabBarUITests.swift */ = {isa = PBXFileReference; lastKnownFileType = sourcecode.swift; path = CustomTabBarUITests.swift; sourceTree = "<group>"; };
		B1A4D16A29484EC800A3D65D /* CustomTabBarUITestsLaunchTests.swift */ = {isa = PBXFileReference; lastKnownFileType = sourcecode.swift; path = CustomTabBarUITestsLaunchTests.swift; sourceTree = "<group>"; };
		B1A4D17729484F6900A3D65D /* CustomTabBarController.swift */ = {isa = PBXFileReference; lastKnownFileType = sourcecode.swift; path = CustomTabBarController.swift; sourceTree = "<group>"; };
		B1A4D17929484FE500A3D65D /* SecondViewController.swift */ = {isa = PBXFileReference; lastKnownFileType = sourcecode.swift; path = SecondViewController.swift; sourceTree = "<group>"; };
		B1A4D17B29484FFD00A3D65D /* ThirdViewController.swift */ = {isa = PBXFileReference; lastKnownFileType = sourcecode.swift; path = ThirdViewController.swift; sourceTree = "<group>"; };
		B1A4D17D2948500F00A3D65D /* FourthViewController.swift */ = {isa = PBXFileReference; lastKnownFileType = sourcecode.swift; path = FourthViewController.swift; sourceTree = "<group>"; };
		B1A4D17F2948504C00A3D65D /* ActionViewController.swift */ = {isa = PBXFileReference; lastKnownFileType = sourcecode.swift; path = ActionViewController.swift; sourceTree = "<group>"; };
/* End PBXFileReference section */

/* Begin PBXFrameworksBuildPhase section */
		B1A4D14129484EC600A3D65D /* Frameworks */ = {
			isa = PBXFrameworksBuildPhase;
			buildActionMask = 2147483647;
			files = (
			);
			runOnlyForDeploymentPostprocessing = 0;
		};
		B1A4D15729484EC800A3D65D /* Frameworks */ = {
			isa = PBXFrameworksBuildPhase;
			buildActionMask = 2147483647;
			files = (
			);
			runOnlyForDeploymentPostprocessing = 0;
		};
		B1A4D16129484EC800A3D65D /* Frameworks */ = {
			isa = PBXFrameworksBuildPhase;
			buildActionMask = 2147483647;
			files = (
			);
			runOnlyForDeploymentPostprocessing = 0;
		};
/* End PBXFrameworksBuildPhase section */

/* Begin PBXGroup section */
		B1A4D13B29484EC600A3D65D = {
			isa = PBXGroup;
			children = (
				B1A4D14629484EC600A3D65D /* CustomTabBar */,
				B1A4D15D29484EC800A3D65D /* CustomTabBarTests */,
				B1A4D16729484EC800A3D65D /* CustomTabBarUITests */,
				B1A4D14529484EC600A3D65D /* Products */,
			);
			sourceTree = "<group>";
		};
		B1A4D14529484EC600A3D65D /* Products */ = {
			isa = PBXGroup;
			children = (
				B1A4D14429484EC600A3D65D /* CustomTabBar.app */,
				B1A4D15A29484EC800A3D65D /* CustomTabBarTests.xctest */,
				B1A4D16429484EC800A3D65D /* CustomTabBarUITests.xctest */,
			);
			name = Products;
			sourceTree = "<group>";
		};
		B1A4D14629484EC600A3D65D /* CustomTabBar */ = {
			isa = PBXGroup;
			children = (
				B1A4D14729484EC600A3D65D /* AppDelegate.swift */,
				B1A4D14929484EC600A3D65D /* SceneDelegate.swift */,
				B1A4D14B29484EC600A3D65D /* HomeViewController.swift */,
				B1A4D17929484FE500A3D65D /* SecondViewController.swift */,
				B1A4D17B29484FFD00A3D65D /* ThirdViewController.swift */,
				B1A4D17D2948500F00A3D65D /* FourthViewController.swift */,
				B1A4D17F2948504C00A3D65D /* ActionViewController.swift */,
				B1A4D17729484F6900A3D65D /* CustomTabBarController.swift */,
				B1A4D14D29484EC600A3D65D /* Main.storyboard */,
				B1A4D15029484EC800A3D65D /* Assets.xcassets */,
				B1A4D15229484EC800A3D65D /* LaunchScreen.storyboard */,
				B1A4D15529484EC800A3D65D /* Info.plist */,
			);
			path = CustomTabBar;
			sourceTree = "<group>";
		};
		B1A4D15D29484EC800A3D65D /* CustomTabBarTests */ = {
			isa = PBXGroup;
			children = (
				B1A4D15E29484EC800A3D65D /* CustomTabBarTests.swift */,
			);
			path = CustomTabBarTests;
			sourceTree = "<group>";
		};
		B1A4D16729484EC800A3D65D /* CustomTabBarUITests */ = {
			isa = PBXGroup;
			children = (
				B1A4D16829484EC800A3D65D /* CustomTabBarUITests.swift */,
				B1A4D16A29484EC800A3D65D /* CustomTabBarUITestsLaunchTests.swift */,
			);
			path = CustomTabBarUITests;
			sourceTree = "<group>";
		};
/* End PBXGroup section */

/* Begin PBXNativeTarget section */
		B1A4D14329484EC600A3D65D /* CustomTabBar */ = {
			isa = PBXNativeTarget;
			buildConfigurationList = B1A4D16E29484EC800A3D65D /* Build configuration list for PBXNativeTarget "CustomTabBar" */;
			buildPhases = (
				B1A4D14029484EC600A3D65D /* Sources */,
				B1A4D14129484EC600A3D65D /* Frameworks */,
				B1A4D14229484EC600A3D65D /* Resources */,
			);
			buildRules = (
			);
			dependencies = (
			);
			name = CustomTabBar;
			productName = CustomTabBar;
			productReference = B1A4D14429484EC600A3D65D /* CustomTabBar.app */;
			productType = "com.apple.product-type.application";
		};
		B1A4D15929484EC800A3D65D /* CustomTabBarTests */ = {
			isa = PBXNativeTarget;
			buildConfigurationList = B1A4D17129484EC800A3D65D /* Build configuration list for PBXNativeTarget "CustomTabBarTests" */;
			buildPhases = (
				B1A4D15629484EC800A3D65D /* Sources */,
				B1A4D15729484EC800A3D65D /* Frameworks */,
				B1A4D15829484EC800A3D65D /* Resources */,
			);
			buildRules = (
			);
			dependencies = (
				B1A4D15C29484EC800A3D65D /* PBXTargetDependency */,
			);
			name = CustomTabBarTests;
			productName = CustomTabBarTests;
			productReference = B1A4D15A29484EC800A3D65D /* CustomTabBarTests.xctest */;
			productType = "com.apple.product-type.bundle.unit-test";
		};
		B1A4D16329484EC800A3D65D /* CustomTabBarUITests */ = {
			isa = PBXNativeTarget;
			buildConfigurationList = B1A4D17429484EC800A3D65D /* Build configuration list for PBXNativeTarget "CustomTabBarUITests" */;
			buildPhases = (
				B1A4D16029484EC800A3D65D /* Sources */,
				B1A4D16129484EC800A3D65D /* Frameworks */,
				B1A4D16229484EC800A3D65D /* Resources */,
			);
			buildRules = (
			);
			dependencies = (
				B1A4D16629484EC800A3D65D /* PBXTargetDependency */,
			);
			name = CustomTabBarUITests;
			productName = CustomTabBarUITests;
			productReference = B1A4D16429484EC800A3D65D /* CustomTabBarUITests.xctest */;
			productType = "com.apple.product-type.bundle.ui-testing";
		};
/* End PBXNativeTarget section */

/* Begin PBXProject section */
		B1A4D13C29484EC600A3D65D /* Project object */ = {
			isa = PBXProject;
			attributes = {
				BuildIndependentTargetsInParallel = 1;
				LastSwiftUpdateCheck = 1410;
				LastUpgradeCheck = 1410;
				TargetAttributes = {
					B1A4D14329484EC600A3D65D = {
						CreatedOnToolsVersion = 14.1;
					};
					B1A4D15929484EC800A3D65D = {
						CreatedOnToolsVersion = 14.1;
						TestTargetID = B1A4D14329484EC600A3D65D;
					};
					B1A4D16329484EC800A3D65D = {
						CreatedOnToolsVersion = 14.1;
						TestTargetID = B1A4D14329484EC600A3D65D;
					};
				};
			};
			buildConfigurationList = B1A4D13F29484EC600A3D65D /* Build configuration list for PBXProject "CustomTabBar" */;
			compatibilityVersion = "Xcode 14.0";
			developmentRegion = en;
			hasScannedForEncodings = 0;
			knownRegions = (
				en,
				Base,
			);
			mainGroup = B1A4D13B29484EC600A3D65D;
			productRefGroup = B1A4D14529484EC600A3D65D /* Products */;
			projectDirPath = "";
			projectRoot = "";
			targets = (
				B1A4D14329484EC600A3D65D /* CustomTabBar */,
				B1A4D15929484EC800A3D65D /* CustomTabBarTests */,
				B1A4D16329484EC800A3D65D /* CustomTabBarUITests */,
			);
		};
/* End PBXProject section */

/* Begin PBXResourcesBuildPhase section */
		B1A4D14229484EC600A3D65D /* Resources */ = {
			isa = PBXResourcesBuildPhase;
			buildActionMask = 2147483647;
			files = (
				B1A4D15429484EC800A3D65D /* LaunchScreen.storyboard in Resources */,
				B1A4D15129484EC800A3D65D /* Assets.xcassets in Resources */,
				B1A4D14F29484EC600A3D65D /* Main.storyboard in Resources */,
			);
			runOnlyForDeploymentPostprocessing = 0;
		};
		B1A4D15829484EC800A3D65D /* Resources */ = {
			isa = PBXResourcesBuildPhase;
			buildActionMask = 2147483647;
			files = (
			);
			runOnlyForDeploymentPostprocessing = 0;
		};
		B1A4D16229484EC800A3D65D /* Resources */ = {
			isa = PBXResourcesBuildPhase;
			buildActionMask = 2147483647;
			files = (
			);
			runOnlyForDeploymentPostprocessing = 0;
		};
/* End PBXResourcesBuildPhase section */

/* Begin PBXSourcesBuildPhase section */
		B1A4D14029484EC600A3D65D /* Sources */ = {
			isa = PBXSourcesBuildPhase;
			buildActionMask = 2147483647;
			files = (
				B1A4D14C29484EC600A3D65D /* HomeViewController.swift in Sources */,
				B1A4D14829484EC600A3D65D /* AppDelegate.swift in Sources */,
				B1A4D1802948504C00A3D65D /* ActionViewController.swift in Sources */,
				B1A4D17829484F6900A3D65D /* CustomTabBarController.swift in Sources */,
				B1A4D17E2948500F00A3D65D /* FourthViewController.swift in Sources */,
				B1A4D17A29484FE500A3D65D /* SecondViewController.swift in Sources */,
				B1A4D17C29484FFD00A3D65D /* ThirdViewController.swift in Sources */,
				B1A4D14A29484EC600A3D65D /* SceneDelegate.swift in Sources */,
			);
			runOnlyForDeploymentPostprocessing = 0;
		};
		B1A4D15629484EC800A3D65D /* Sources */ = {
			isa = PBXSourcesBuildPhase;
			buildActionMask = 2147483647;
			files = (
				B1A4D15F29484EC800A3D65D /* CustomTabBarTests.swift in Sources */,
			);
			runOnlyForDeploymentPostprocessing = 0;
		};
		B1A4D16029484EC800A3D65D /* Sources */ = {
			isa = PBXSourcesBuildPhase;
			buildActionMask = 2147483647;
			files = (
				B1A4D16929484EC800A3D65D /* CustomTabBarUITests.swift in Sources */,
				B1A4D16B29484EC800A3D65D /* CustomTabBarUITestsLaunchTests.swift in Sources */,
			);
			runOnlyForDeploymentPostprocessing = 0;
		};
/* End PBXSourcesBuildPhase section */

/* Begin PBXTargetDependency section */
		B1A4D15C29484EC800A3D65D /* PBXTargetDependency */ = {
			isa = PBXTargetDependency;
			target = B1A4D14329484EC600A3D65D /* CustomTabBar */;
			targetProxy = B1A4D15B29484EC800A3D65D /* PBXContainerItemProxy */;
		};
		B1A4D16629484EC800A3D65D /* PBXTargetDependency */ = {
			isa = PBXTargetDependency;
			target = B1A4D14329484EC600A3D65D /* CustomTabBar */;
			targetProxy = B1A4D16529484EC800A3D65D /* PBXContainerItemProxy */;
		};
/* End PBXTargetDependency section */

/* Begin PBXVariantGroup section */
		B1A4D14D29484EC600A3D65D /* Main.storyboard */ = {
			isa = PBXVariantGroup;
			children = (
				B1A4D14E29484EC600A3D65D /* Base */,
			);
			name = Main.storyboard;
			sourceTree = "<group>";
		};
		B1A4D15229484EC800A3D65D /* LaunchScreen.storyboard */ = {
			isa = PBXVariantGroup;
			children = (
				B1A4D15329484EC800A3D65D /* Base */,
			);
			name = LaunchScreen.storyboard;
			sourceTree = "<group>";
		};
/* End PBXVariantGroup section */

/* Begin XCBuildConfiguration section */
		B1A4D16C29484EC800A3D65D /* Debug */ = {
			isa = XCBuildConfiguration;
			buildSettings = {
				ALWAYS_SEARCH_USER_PATHS = NO;
				CLANG_ANALYZER_NONNULL = YES;
				CLANG_ANALYZER_NUMBER_OBJECT_CONVERSION = YES_AGGRESSIVE;
				CLANG_CXX_LANGUAGE_STANDARD = "gnu++20";
				CLANG_ENABLE_MODULES = YES;
				CLANG_ENABLE_OBJC_ARC = YES;
				CLANG_ENABLE_OBJC_WEAK = YES;
				CLANG_WARN_BLOCK_CAPTURE_AUTORELEASING = YES;
				CLANG_WARN_BOOL_CONVERSION = YES;
				CLANG_WARN_COMMA = YES;
				CLANG_WARN_CONSTANT_CONVERSION = YES;
				CLANG_WARN_DEPRECATED_OBJC_IMPLEMENTATIONS = YES;
				CLANG_WARN_DIRECT_OBJC_ISA_USAGE = YES_ERROR;
				CLANG_WARN_DOCUMENTATION_COMMENTS = YES;
				CLANG_WARN_EMPTY_BODY = YES;
				CLANG_WARN_ENUM_CONVERSION = YES;
				CLANG_WARN_INFINITE_RECURSION = YES;
				CLANG_WARN_INT_CONVERSION = YES;
				CLANG_WARN_NON_LITERAL_NULL_CONVERSION = YES;
				CLANG_WARN_OBJC_IMPLICIT_RETAIN_SELF = YES;
				CLANG_WARN_OBJC_LITERAL_CONVERSION = YES;
				CLANG_WARN_OBJC_ROOT_CLASS = YES_ERROR;
				CLANG_WARN_QUOTED_INCLUDE_IN_FRAMEWORK_HEADER = YES;
				CLANG_WARN_RANGE_LOOP_ANALYSIS = YES;
				CLANG_WARN_STRICT_PROTOTYPES = YES;
				CLANG_WARN_SUSPICIOUS_MOVE = YES;
				CLANG_WARN_UNGUARDED_AVAILABILITY = YES_AGGRESSIVE;
				CLANG_WARN_UNREACHABLE_CODE = YES;
				CLANG_WARN__DUPLICATE_METHOD_MATCH = YES;
				COPY_PHASE_STRIP = NO;
				DEBUG_INFORMATION_FORMAT = dwarf;
				ENABLE_STRICT_OBJC_MSGSEND = YES;
				ENABLE_TESTABILITY = YES;
				GCC_C_LANGUAGE_STANDARD = gnu11;
				GCC_DYNAMIC_NO_PIC = NO;
				GCC_NO_COMMON_BLOCKS = YES;
				GCC_OPTIMIZATION_LEVEL = 0;
				GCC_PREPROCESSOR_DEFINITIONS = (
					"DEBUG=1",
					"$(inherited)",
				);
				GCC_WARN_64_TO_32_BIT_CONVERSION = YES;
				GCC_WARN_ABOUT_RETURN_TYPE = YES_ERROR;
				GCC_WARN_UNDECLARED_SELECTOR = YES;
				GCC_WARN_UNINITIALIZED_AUTOS = YES_AGGRESSIVE;
				GCC_WARN_UNUSED_FUNCTION = YES;
				GCC_WARN_UNUSED_VARIABLE = YES;
				IPHONEOS_DEPLOYMENT_TARGET = 16.1;
				MTL_ENABLE_DEBUG_INFO = INCLUDE_SOURCE;
				MTL_FAST_MATH = YES;
				ONLY_ACTIVE_ARCH = YES;
				SDKROOT = iphoneos;
				SWIFT_ACTIVE_COMPILATION_CONDITIONS = DEBUG;
				SWIFT_OPTIMIZATION_LEVEL = "-Onone";
			};
			name = Debug;
		};
		B1A4D16D29484EC800A3D65D /* Release */ = {
			isa = XCBuildConfiguration;
			buildSettings = {
				ALWAYS_SEARCH_USER_PATHS = NO;
				CLANG_ANALYZER_NONNULL = YES;
				CLANG_ANALYZER_NUMBER_OBJECT_CONVERSION = YES_AGGRESSIVE;
				CLANG_CXX_LANGUAGE_STANDARD = "gnu++20";
				CLANG_ENABLE_MODULES = YES;
				CLANG_ENABLE_OBJC_ARC = YES;
				CLANG_ENABLE_OBJC_WEAK = YES;
				CLANG_WARN_BLOCK_CAPTURE_AUTORELEASING = YES;
				CLANG_WARN_BOOL_CONVERSION = YES;
				CLANG_WARN_COMMA = YES;
				CLANG_WARN_CONSTANT_CONVERSION = YES;
				CLANG_WARN_DEPRECATED_OBJC_IMPLEMENTATIONS = YES;
				CLANG_WARN_DIRECT_OBJC_ISA_USAGE = YES_ERROR;
				CLANG_WARN_DOCUMENTATION_COMMENTS = YES;
				CLANG_WARN_EMPTY_BODY = YES;
				CLANG_WARN_ENUM_CONVERSION = YES;
				CLANG_WARN_INFINITE_RECURSION = YES;
				CLANG_WARN_INT_CONVERSION = YES;
				CLANG_WARN_NON_LITERAL_NULL_CONVERSION = YES;
				CLANG_WARN_OBJC_IMPLICIT_RETAIN_SELF = YES;
				CLANG_WARN_OBJC_LITERAL_CONVERSION = YES;
				CLANG_WARN_OBJC_ROOT_CLASS = YES_ERROR;
				CLANG_WARN_QUOTED_INCLUDE_IN_FRAMEWORK_HEADER = YES;
				CLANG_WARN_RANGE_LOOP_ANALYSIS = YES;
				CLANG_WARN_STRICT_PROTOTYPES = YES;
				CLANG_WARN_SUSPICIOUS_MOVE = YES;
				CLANG_WARN_UNGUARDED_AVAILABILITY = YES_AGGRESSIVE;
				CLANG_WARN_UNREACHABLE_CODE = YES;
				CLANG_WARN__DUPLICATE_METHOD_MATCH = YES;
				COPY_PHASE_STRIP = NO;
				DEBUG_INFORMATION_FORMAT = "dwarf-with-dsym";
				ENABLE_NS_ASSERTIONS = NO;
				ENABLE_STRICT_OBJC_MSGSEND = YES;
				GCC_C_LANGUAGE_STANDARD = gnu11;
				GCC_NO_COMMON_BLOCKS = YES;
				GCC_WARN_64_TO_32_BIT_CONVERSION = YES;
				GCC_WARN_ABOUT_RETURN_TYPE = YES_ERROR;
				GCC_WARN_UNDECLARED_SELECTOR = YES;
				GCC_WARN_UNINITIALIZED_AUTOS = YES_AGGRESSIVE;
				GCC_WARN_UNUSED_FUNCTION = YES;
				GCC_WARN_UNUSED_VARIABLE = YES;
				IPHONEOS_DEPLOYMENT_TARGET = 16.1;
				MTL_ENABLE_DEBUG_INFO = NO;
				MTL_FAST_MATH = YES;
				SDKROOT = iphoneos;
				SWIFT_COMPILATION_MODE = wholemodule;
				SWIFT_OPTIMIZATION_LEVEL = "-O";
				VALIDATE_PRODUCT = YES;
			};
			name = Release;
		};
		B1A4D16F29484EC800A3D65D /* Debug */ = {
			isa = XCBuildConfiguration;
			buildSettings = {
				ASSETCATALOG_COMPILER_APPICON_NAME = AppIcon;
				ASSETCATALOG_COMPILER_GLOBAL_ACCENT_COLOR_NAME = AccentColor;
				CODE_SIGN_STYLE = Automatic;
				CURRENT_PROJECT_VERSION = 1;
				DEVELOPMENT_TEAM = L44A9D86S6;
				GENERATE_INFOPLIST_FILE = YES;
				INFOPLIST_FILE = CustomTabBar/Info.plist;
				INFOPLIST_KEY_UIApplicationSupportsIndirectInputEvents = YES;
				INFOPLIST_KEY_UILaunchStoryboardName = LaunchScreen;
				INFOPLIST_KEY_UIMainStoryboardFile = Main;
				INFOPLIST_KEY_UISupportedInterfaceOrientations_iPad = "UIInterfaceOrientationPortrait UIInterfaceOrientationPortraitUpsideDown UIInterfaceOrientationLandscapeLeft UIInterfaceOrientationLandscapeRight";
				INFOPLIST_KEY_UISupportedInterfaceOrientations_iPhone = "UIInterfaceOrientationPortrait UIInterfaceOrientationLandscapeLeft UIInterfaceOrientationLandscapeRight";
				LD_RUNPATH_SEARCH_PATHS = (
					"$(inherited)",
					"@executable_path/Frameworks",
				);
				MARKETING_VERSION = 1.0;
				PRODUCT_BUNDLE_IDENTIFIER = com.rafiulhasan.CustomTabBar;
				PRODUCT_NAME = "$(TARGET_NAME)";
				SWIFT_EMIT_LOC_STRINGS = YES;
				SWIFT_VERSION = 5.0;
				TARGETED_DEVICE_FAMILY = "1,2";
			};
			name = Debug;
		};
		B1A4D17029484EC800A3D65D /* Release */ = {
			isa = XCBuildConfiguration;
			buildSettings = {
				ASSETCATALOG_COMPILER_APPICON_NAME = AppIcon;
				ASSETCATALOG_COMPILER_GLOBAL_ACCENT_COLOR_NAME = AccentColor;
				CODE_SIGN_STYLE = Automatic;
				CURRENT_PROJECT_VERSION = 1;
				DEVELOPMENT_TEAM = L44A9D86S6;
				GENERATE_INFOPLIST_FILE = YES;
				INFOPLIST_FILE = CustomTabBar/Info.plist;
				INFOPLIST_KEY_UIApplicationSupportsIndirectInputEvents = YES;
				INFOPLIST_KEY_UILaunchStoryboardName = LaunchScreen;
				INFOPLIST_KEY_UIMainStoryboardFile = Main;
				INFOPLIST_KEY_UISupportedInterfaceOrientations_iPad = "UIInterfaceOrientationPortrait UIInterfaceOrientationPortraitUpsideDown UIInterfaceOrientationLandscapeLeft UIInterfaceOrientationLandscapeRight";
				INFOPLIST_KEY_UISupportedInterfaceOrientations_iPhone = "UIInterfaceOrientationPortrait UIInterfaceOrientationLandscapeLeft UIInterfaceOrientationLandscapeRight";
				LD_RUNPATH_SEARCH_PATHS = (
					"$(inherited)",
					"@executable_path/Frameworks",
				);
				MARKETING_VERSION = 1.0;
				PRODUCT_BUNDLE_IDENTIFIER = com.rafiulhasan.CustomTabBar;
				PRODUCT_NAME = "$(TARGET_NAME)";
				SWIFT_EMIT_LOC_STRINGS = YES;
				SWIFT_VERSION = 5.0;
				TARGETED_DEVICE_FAMILY = "1,2";
			};
			name = Release;
		};
		B1A4D17229484EC800A3D65D /* Debug */ = {
			isa = XCBuildConfiguration;
			buildSettings = {
				ALWAYS_EMBED_SWIFT_STANDARD_LIBRARIES = YES;
				BUNDLE_LOADER = "$(TEST_HOST)";
				CODE_SIGN_STYLE = Automatic;
				CURRENT_PROJECT_VERSION = 1;
				DEVELOPMENT_TEAM = L44A9D86S6;
				GENERATE_INFOPLIST_FILE = YES;
				IPHONEOS_DEPLOYMENT_TARGET = 16.1;
				MARKETING_VERSION = 1.0;
				PRODUCT_BUNDLE_IDENTIFIER = com.rafiulhasan.CustomTabBarTests;
				PRODUCT_NAME = "$(TARGET_NAME)";
				SWIFT_EMIT_LOC_STRINGS = NO;
				SWIFT_VERSION = 5.0;
				TARGETED_DEVICE_FAMILY = "1,2";
				TEST_HOST = "$(BUILT_PRODUCTS_DIR)/CustomTabBar.app/$(BUNDLE_EXECUTABLE_FOLDER_PATH)/CustomTabBar";
			};
			name = Debug;
		};
		B1A4D17329484EC800A3D65D /* Release */ = {
			isa = XCBuildConfiguration;
			buildSettings = {
				ALWAYS_EMBED_SWIFT_STANDARD_LIBRARIES = YES;
				BUNDLE_LOADER = "$(TEST_HOST)";
				CODE_SIGN_STYLE = Automatic;
				CURRENT_PROJECT_VERSION = 1;
				DEVELOPMENT_TEAM = L44A9D86S6;
				GENERATE_INFOPLIST_FILE = YES;
				IPHONEOS_DEPLOYMENT_TARGET = 16.1;
				MARKETING_VERSION = 1.0;
				PRODUCT_BUNDLE_IDENTIFIER = com.rafiulhasan.CustomTabBarTests;
				PRODUCT_NAME = "$(TARGET_NAME)";
				SWIFT_EMIT_LOC_STRINGS = NO;
				SWIFT_VERSION = 5.0;
				TARGETED_DEVICE_FAMILY = "1,2";
				TEST_HOST = "$(BUILT_PRODUCTS_DIR)/CustomTabBar.app/$(BUNDLE_EXECUTABLE_FOLDER_PATH)/CustomTabBar";
			};
			name = Release;
		};
		B1A4D17529484EC800A3D65D /* Debug */ = {
			isa = XCBuildConfiguration;
			buildSettings = {
				ALWAYS_EMBED_SWIFT_STANDARD_LIBRARIES = YES;
				CODE_SIGN_STYLE = Automatic;
				CURRENT_PROJECT_VERSION = 1;
				DEVELOPMENT_TEAM = L44A9D86S6;
				GENERATE_INFOPLIST_FILE = YES;
				MARKETING_VERSION = 1.0;
				PRODUCT_BUNDLE_IDENTIFIER = com.rafiulhasan.CustomTabBarUITests;
				PRODUCT_NAME = "$(TARGET_NAME)";
				SWIFT_EMIT_LOC_STRINGS = NO;
				SWIFT_VERSION = 5.0;
				TARGETED_DEVICE_FAMILY = "1,2";
				TEST_TARGET_NAME = CustomTabBar;
			};
			name = Debug;
		};
		B1A4D17629484EC800A3D65D /* Release */ = {
			isa = XCBuildConfiguration;
			buildSettings = {
				ALWAYS_EMBED_SWIFT_STANDARD_LIBRARIES = YES;
				CODE_SIGN_STYLE = Automatic;
				CURRENT_PROJECT_VERSION = 1;
				DEVELOPMENT_TEAM = L44A9D86S6;
				GENERATE_INFOPLIST_FILE = YES;
				MARKETING_VERSION = 1.0;
				PRODUCT_BUNDLE_IDENTIFIER = com.rafiulhasan.CustomTabBarUITests;
				PRODUCT_NAME = "$(TARGET_NAME)";
				SWIFT_EMIT_LOC_STRINGS = NO;
				SWIFT_VERSION = 5.0;
				TARGETED_DEVICE_FAMILY = "1,2";
				TEST_TARGET_NAME = CustomTabBar;
			};
			name = Release;
		};
/* End XCBuildConfiguration section */

/* Begin XCConfigurationList section */
		B1A4D13F29484EC600A3D65D /* Build configuration list for PBXProject "CustomTabBar" */ = {
			isa = XCConfigurationList;
			buildConfigurations = (
				B1A4D16C29484EC800A3D65D /* Debug */,
				B1A4D16D29484EC800A3D65D /* Release */,
			);
			defaultConfigurationIsVisible = 0;
			defaultConfigurationName = Release;
		};
		B1A4D16E29484EC800A3D65D /* Build configuration list for PBXNativeTarget "CustomTabBar" */ = {
			isa = XCConfigurationList;
			buildConfigurations = (
				B1A4D16F29484EC800A3D65D /* Debug */,
				B1A4D17029484EC800A3D65D /* Release */,
			);
			defaultConfigurationIsVisible = 0;
			defaultConfigurationName = Release;
		};
		B1A4D17129484EC800A3D65D /* Build configuration list for PBXNativeTarget "CustomTabBarTests" */ = {
			isa = XCConfigurationList;
			buildConfigurations = (
				B1A4D17229484EC800A3D65D /* Debug */,
				B1A4D17329484EC800A3D65D /* Release */,
			);
			defaultConfigurationIsVisible = 0;
			defaultConfigurationName = Release;
		};
		B1A4D17429484EC800A3D65D /* Build configuration list for PBXNativeTarget "CustomTabBarUITests" */ = {
			isa = XCConfigurationList;
			buildConfigurations = (
				B1A4D17529484EC800A3D65D /* Debug */,
				B1A4D17629484EC800A3D65D /* Release */,
			);
			defaultConfigurationIsVisible = 0;
			defaultConfigurationName = Release;
		};
/* End XCConfigurationList section */
	};
	rootObject = B1A4D13C29484EC600A3D65D /* Project object */;
}
